
Microsoft Visual Studio Solution File, Format Version 12.00
# Visual Studio Version 17
VisualStudioVersion = 17.11.35431.28
MinimumVisualStudioVersion = 10.0.40219.1
Project("{FAE04EC0-301F-11D3-BF4B-00C04F79EFBC}") = "WebNoiThat_64132077", "WebNoiThat_64132077.csproj", "{EA4D7E88-C65F-4744-AAD6-02AA2972C1A8}"
EndProject
Global
	GlobalSection(SolutionConfigurationPlatforms) = preSolution
		Debug|Any CPU = Debug|Any CPU
		Release|Any CPU = Release|Any CPU
	EndGlobalSection
	GlobalSection(ProjectConfigurationPlatforms) = postSolution
		{EA4D7E88-C65F-4744-AAD6-02AA2972C1A8}.Debug|Any CPU.ActiveCfg = Debug|Any CPU
		{EA4D7E88-C65F-4744-AAD6-02AA2972C1A8}.Debug|Any CPU.Build.0 = Debug|Any CPU
		{EA4D7E88-C65F-4744-AAD6-02AA2972C1A8}.Release|Any CPU.ActiveCfg = Release|Any CPU
		{EA4D7E88-C65F-4744-AAD6-02AA2972C1A8}.Release|Any CPU.Build.0 = Release|Any CPU
	EndGlobalSection
	GlobalSection(SolutionProperties) = preSolution
		HideSolutionNode = FALSE
	EndGlobalSection
	GlobalSection(ExtensibilityGlobals) = postSolution
		SolutionGuid = {7E0CEA4B-86D6-4D02-B741-2B885870DBA7}
	EndGlobalSection
EndGlobal
